
Microsoft Visual Studio Solution File, Format Version 12.00
# Visual Studio Version 16
VisualStudioVersion = 16.0.30804.86
MinimumVisualStudioVersion = 10.0.40219.1
Project("{FAE04EC0-301F-11D3-BF4B-00C04F79EFBC}") = "lab_a", "lab_a\lab_a.csproj", "{B5ED81E1-2374-4913-8CAC-8E776C4C1193}"
EndProject
Global
	GlobalSection(SolutionConfigurationPlatforms) = preSolution
		Debug|Any CPU = Debug|Any CPU
		Release|Any CPU = Release|Any CPU
	EndGlobalSection
	GlobalSection(ProjectConfigurationPlatforms) = postSolution
		{B5ED81E1-2374-4913-8CAC-8E776C4C1193}.Debug|Any CPU.ActiveCfg = Debug|Any CPU
		{B5ED81E1-2374-4913-8CAC-8E776C4C1193}.Debug|Any CPU.Build.0 = Debug|Any CPU
		{B5ED81E1-2374-4913-8CAC-8E776C4C1193}.Release|Any CPU.ActiveCfg = Release|Any CPU
		{B5ED81E1-2374-4913-8CAC-8E776C4C1193}.Release|Any CPU.Build.0 = Release|Any CPU
	EndGlobalSection
	GlobalSection(SolutionProperties) = preSolution
		HideSolutionNode = FALSE
	EndGlobalSection
	GlobalSection(ExtensibilityGlobals) = postSolution
		SolutionGuid = {7D9A8B90-56AB-4A4C-9C3C-C5CD53A13367}
	EndGlobalSection
EndGlobal
