
Microsoft Visual Studio Solution File, Format Version 12.00
# Visual Studio Version 16
VisualStudioVersion = 16.0.30804.86
MinimumVisualStudioVersion = 10.0.40219.1
Project("{FAE04EC0-301F-11D3-BF4B-00C04F79EFBC}") = "lab", "lab\lab.csproj", "{7A3EEC60-48DA-436F-91FB-251D23DAB8D5}"
EndProject
Global
	GlobalSection(SolutionConfigurationPlatforms) = preSolution
		Debug|Any CPU = Debug|Any CPU
		Release|Any CPU = Release|Any CPU
	EndGlobalSection
	GlobalSection(ProjectConfigurationPlatforms) = postSolution
		{7A3EEC60-48DA-436F-91FB-251D23DAB8D5}.Debug|Any CPU.ActiveCfg = Debug|Any CPU
		{7A3EEC60-48DA-436F-91FB-251D23DAB8D5}.Debug|Any CPU.Build.0 = Debug|Any CPU
		{7A3EEC60-48DA-436F-91FB-251D23DAB8D5}.Release|Any CPU.ActiveCfg = Release|Any CPU
		{7A3EEC60-48DA-436F-91FB-251D23DAB8D5}.Release|Any CPU.Build.0 = Release|Any CPU
	EndGlobalSection
	GlobalSection(SolutionProperties) = preSolution
		HideSolutionNode = FALSE
	EndGlobalSection
	GlobalSection(ExtensibilityGlobals) = postSolution
		SolutionGuid = {906144E0-4B34-4EF0-A4A4-9C6E2ADC0304}
	EndGlobalSection
EndGlobal
