
Microsoft Visual Studio Solution File, Format Version 12.00
# Visual Studio Version 16
VisualStudioVersion = 16.0.30804.86
MinimumVisualStudioVersion = 10.0.40219.1
Project("{FAE04EC0-301F-11D3-BF4B-00C04F79EFBC}") = "08_lab", "08_lab\08_lab.csproj", "{944F793B-73DF-4B09-97B1-EE2AA2585AD5}"
EndProject
Global
	GlobalSection(SolutionConfigurationPlatforms) = preSolution
		Debug|Any CPU = Debug|Any CPU
		Release|Any CPU = Release|Any CPU
	EndGlobalSection
	GlobalSection(ProjectConfigurationPlatforms) = postSolution
		{944F793B-73DF-4B09-97B1-EE2AA2585AD5}.Debug|Any CPU.ActiveCfg = Debug|Any CPU
		{944F793B-73DF-4B09-97B1-EE2AA2585AD5}.Debug|Any CPU.Build.0 = Debug|Any CPU
		{944F793B-73DF-4B09-97B1-EE2AA2585AD5}.Release|Any CPU.ActiveCfg = Release|Any CPU
		{944F793B-73DF-4B09-97B1-EE2AA2585AD5}.Release|Any CPU.Build.0 = Release|Any CPU
	EndGlobalSection
	GlobalSection(SolutionProperties) = preSolution
		HideSolutionNode = FALSE
	EndGlobalSection
	GlobalSection(ExtensibilityGlobals) = postSolution
		SolutionGuid = {04376790-990C-4795-A9BE-FCD52161A20B}
	EndGlobalSection
EndGlobal
